
Microsoft Visual Studio Solution File, Format Version 12.00
# Visual Studio Version 16
VisualStudioVersion = 16.0.36422.26
MinimumVisualStudioVersion = 10.0.40219.1
Project("{FAE04EC0-301F-11D3-BF4B-00C04F79EFBC}") = "CrystalReportsApp", "CrystalReportsApp\CrystalReportsApp.csproj", "{3B71134B-15EE-4E46-BB3E-A0B968DD96F5}"
EndProject
Global
	GlobalSection(SolutionConfigurationPlatforms) = preSolution
		Debug|Any CPU = Debug|Any CPU
		Release|Any CPU = Release|Any CPU
	EndGlobalSection
	GlobalSection(ProjectConfigurationPlatforms) = postSolution
		{3B71134B-15EE-4E46-BB3E-A0B968DD96F5}.Debug|Any CPU.ActiveCfg = Debug|Any CPU
		{3B71134B-15EE-4E46-BB3E-A0B968DD96F5}.Debug|Any CPU.Build.0 = Debug|Any CPU
		{3B71134B-15EE-4E46-BB3E-A0B968DD96F5}.Release|Any CPU.ActiveCfg = Release|Any CPU
		{3B71134B-15EE-4E46-BB3E-A0B968DD96F5}.Release|Any CPU.Build.0 = Release|Any CPU
	EndGlobalSection
	GlobalSection(SolutionProperties) = preSolution
		HideSolutionNode = FALSE
	EndGlobalSection
	GlobalSection(ExtensibilityGlobals) = postSolution
		SolutionGuid = {B7941A4D-7CED-47DB-9BBA-F8706E867C29}
	EndGlobalSection
EndGlobal
